
Microsoft Visual Studio Solution File, Format Version 12.00
# Visual Studio 15
VisualStudioVersion = 15.0.27703.2026
MinimumVisualStudioVersion = 10.0.40219.1
Project("{FAE04EC0-301F-11D3-BF4B-00C04F79EFBC}") = "array_Values_Printed_In_Reverse", "array_Values_Printed_In_Reverse\array_Values_Printed_In_Reverse.csproj", "{AD917F3D-CF27-400C-BF0C-4190F5A92634}"
EndProject
Global
	GlobalSection(SolutionConfigurationPlatforms) = preSolution
		Debug|Any CPU = Debug|Any CPU
		Release|Any CPU = Release|Any CPU
	EndGlobalSection
	GlobalSection(ProjectConfigurationPlatforms) = postSolution
		{AD917F3D-CF27-400C-BF0C-4190F5A92634}.Debug|Any CPU.ActiveCfg = Debug|Any CPU
		{AD917F3D-CF27-400C-BF0C-4190F5A92634}.Debug|Any CPU.Build.0 = Debug|Any CPU
		{AD917F3D-CF27-400C-BF0C-4190F5A92634}.Release|Any CPU.ActiveCfg = Release|Any CPU
		{AD917F3D-CF27-400C-BF0C-4190F5A92634}.Release|Any CPU.Build.0 = Release|Any CPU
	EndGlobalSection
	GlobalSection(SolutionProperties) = preSolution
		HideSolutionNode = FALSE
	EndGlobalSection
	GlobalSection(ExtensibilityGlobals) = postSolution
		SolutionGuid = {EF1180BB-0692-4185-9536-43430C9EC187}
	EndGlobalSection
EndGlobal
